
Microsoft Visual Studio Solution File, Format Version 12.00
# Visual Studio Version 17
VisualStudioVersion = 17.2.32630.192
MinimumVisualStudioVersion = 10.0.40219.1
Project("{9A19103F-16F7-4668-BE54-9A1E7A4F7556}") = "SamplingBME688Serial", "SerialCommBME688\SamplingBME688Serial.csproj", "{5D10BDF6-ED6A-4CB3-83C4-17A02F1C9DDE}"
EndProject
Project("{2150E333-8FDC-42A3-9474-1A3956D46DE8}") = "ソリューション項目", "ソリューション項目", "{BF996FD7-A4D2-43E6-B9E0-5E2860BF6D0C}"
EndProject
Project("{54435603-DBB4-11D2-8724-00A0C9A8B90C}") = "AppInstaller", "AppInstaller\AppInstaller.vdproj", "{AE4BBE0B-F09B-4BB7-A9DB-BBD54F61B09E}"
EndProject
Global
	GlobalSection(SolutionConfigurationPlatforms) = preSolution
		Debug|Any CPU = Debug|Any CPU
		Release|Any CPU = Release|Any CPU
	EndGlobalSection
	GlobalSection(ProjectConfigurationPlatforms) = postSolution
		{5D10BDF6-ED6A-4CB3-83C4-17A02F1C9DDE}.Debug|Any CPU.ActiveCfg = Debug|Any CPU
		{5D10BDF6-ED6A-4CB3-83C4-17A02F1C9DDE}.Debug|Any CPU.Build.0 = Debug|Any CPU
		{5D10BDF6-ED6A-4CB3-83C4-17A02F1C9DDE}.Release|Any CPU.ActiveCfg = Release|Any CPU
		{5D10BDF6-ED6A-4CB3-83C4-17A02F1C9DDE}.Release|Any CPU.Build.0 = Release|Any CPU
		{AE4BBE0B-F09B-4BB7-A9DB-BBD54F61B09E}.Debug|Any CPU.ActiveCfg = Debug
		{AE4BBE0B-F09B-4BB7-A9DB-BBD54F61B09E}.Release|Any CPU.ActiveCfg = Release
	EndGlobalSection
	GlobalSection(SolutionProperties) = preSolution
		HideSolutionNode = FALSE
	EndGlobalSection
	GlobalSection(ExtensibilityGlobals) = postSolution
		SolutionGuid = {3342B613-A59B-4FA9-A9FE-30503B369515}
	EndGlobalSection
EndGlobal
